
Microsoft Visual Studio Solution File, Format Version 12.00
# Visual Studio 15
VisualStudioVersion = 15.0.28307.539
MinimumVisualStudioVersion = 10.0.40219.1
Project("{FAE04EC0-301F-11D3-BF4B-00C04F79EFBC}") = "Google_Sheet_TestProject", "Google_Sheet_TestProject\Google_Sheet_TestProject.csproj", "{BA95376A-5B92-416C-932C-476C6EB3F41B}"
EndProject
Global
	GlobalSection(SolutionConfigurationPlatforms) = preSolution
		Debug|Any CPU = Debug|Any CPU
		Release|Any CPU = Release|Any CPU
	EndGlobalSection
	GlobalSection(ProjectConfigurationPlatforms) = postSolution
		{BA95376A-5B92-416C-932C-476C6EB3F41B}.Debug|Any CPU.ActiveCfg = Debug|Any CPU
		{BA95376A-5B92-416C-932C-476C6EB3F41B}.Debug|Any CPU.Build.0 = Debug|Any CPU
		{BA95376A-5B92-416C-932C-476C6EB3F41B}.Release|Any CPU.ActiveCfg = Release|Any CPU
		{BA95376A-5B92-416C-932C-476C6EB3F41B}.Release|Any CPU.Build.0 = Release|Any CPU
	EndGlobalSection
	GlobalSection(SolutionProperties) = preSolution
		HideSolutionNode = FALSE
	EndGlobalSection
	GlobalSection(ExtensibilityGlobals) = postSolution
		SolutionGuid = {BBC40A59-368D-4407-A8AA-7D370A7B9B2C}
	EndGlobalSection
EndGlobal
